
Microsoft Visual Studio Solution File, Format Version 12.00
# Visual Studio 2012
Project("{FAE04EC0-301F-11D3-BF4B-00C04F79EFBC}") = "BroccoliSharp-NET4.0", "BroccoliSharp-NET4.0.csproj", "{AD88485E-0776-4B00-88F8-C85F1A8AF953}"
EndProject
Project("{2150E333-8FDC-42A3-9474-1A3956D46DE8}") = "Tests", "Tests", "{AEF8A3B5-5E6D-44D7-99EE-D2EBD47B46AD}"
EndProject
Project("{FAE04EC0-301F-11D3-BF4B-00C04F79EFBC}") = "BroPing-NET4.0", "Tests\BroPing\BroPing-NET4.0.csproj", "{A83DC653-F6A4-4D20-B159-3EA53473A31C}"
EndProject
Global
	GlobalSection(SolutionConfigurationPlatforms) = preSolution
		Debug|Any CPU = Debug|Any CPU
		DebugWithSafeHandles|Any CPU = DebugWithSafeHandles|Any CPU
		Release|Any CPU = Release|Any CPU
		ReleaseNoPCAP|Any CPU = ReleaseNoPCAP|Any CPU
		ReleaseNoPCAPWithSafeHandles|Any CPU = ReleaseNoPCAPWithSafeHandles|Any CPU
		ReleaseWithSafeHandles|Any CPU = ReleaseWithSafeHandles|Any CPU
	EndGlobalSection
	GlobalSection(ProjectConfigurationPlatforms) = postSolution
		{AD88485E-0776-4B00-88F8-C85F1A8AF953}.Debug|Any CPU.ActiveCfg = Debug|Any CPU
		{AD88485E-0776-4B00-88F8-C85F1A8AF953}.Debug|Any CPU.Build.0 = Debug|Any CPU
		{AD88485E-0776-4B00-88F8-C85F1A8AF953}.DebugWithSafeHandles|Any CPU.ActiveCfg = DebugWithSafeHandles|Any CPU
		{AD88485E-0776-4B00-88F8-C85F1A8AF953}.DebugWithSafeHandles|Any CPU.Build.0 = DebugWithSafeHandles|Any CPU
		{AD88485E-0776-4B00-88F8-C85F1A8AF953}.Release|Any CPU.ActiveCfg = Release|Any CPU
		{AD88485E-0776-4B00-88F8-C85F1A8AF953}.Release|Any CPU.Build.0 = Release|Any CPU
		{AD88485E-0776-4B00-88F8-C85F1A8AF953}.ReleaseNoPCAP|Any CPU.ActiveCfg = ReleaseNoPCAP|Any CPU
		{AD88485E-0776-4B00-88F8-C85F1A8AF953}.ReleaseNoPCAP|Any CPU.Build.0 = ReleaseNoPCAP|Any CPU
		{AD88485E-0776-4B00-88F8-C85F1A8AF953}.ReleaseNoPCAPWithSafeHandles|Any CPU.ActiveCfg = ReleaseNoPCAPWithSafeHandles|Any CPU
		{AD88485E-0776-4B00-88F8-C85F1A8AF953}.ReleaseNoPCAPWithSafeHandles|Any CPU.Build.0 = ReleaseNoPCAPWithSafeHandles|Any CPU
		{AD88485E-0776-4B00-88F8-C85F1A8AF953}.ReleaseWithSafeHandles|Any CPU.ActiveCfg = ReleaseWithSafeHandles|Any CPU
		{AD88485E-0776-4B00-88F8-C85F1A8AF953}.ReleaseWithSafeHandles|Any CPU.Build.0 = ReleaseWithSafeHandles|Any CPU
		{A83DC653-F6A4-4D20-B159-3EA53473A31C}.Debug|Any CPU.ActiveCfg = Debug|Any CPU
		{A83DC653-F6A4-4D20-B159-3EA53473A31C}.Debug|Any CPU.Build.0 = Debug|Any CPU
		{A83DC653-F6A4-4D20-B159-3EA53473A31C}.DebugWithSafeHandles|Any CPU.ActiveCfg = DebugWithSafeHandles|Any CPU
		{A83DC653-F6A4-4D20-B159-3EA53473A31C}.DebugWithSafeHandles|Any CPU.Build.0 = DebugWithSafeHandles|Any CPU
		{A83DC653-F6A4-4D20-B159-3EA53473A31C}.Release|Any CPU.ActiveCfg = Release|Any CPU
		{A83DC653-F6A4-4D20-B159-3EA53473A31C}.Release|Any CPU.Build.0 = Release|Any CPU
		{A83DC653-F6A4-4D20-B159-3EA53473A31C}.ReleaseNoPCAP|Any CPU.ActiveCfg = Release|Any CPU
		{A83DC653-F6A4-4D20-B159-3EA53473A31C}.ReleaseNoPCAP|Any CPU.Build.0 = Release|Any CPU
		{A83DC653-F6A4-4D20-B159-3EA53473A31C}.ReleaseNoPCAPWithSafeHandles|Any CPU.ActiveCfg = ReleaseNoPCAPWithSafeHandles|Any CPU
		{A83DC653-F6A4-4D20-B159-3EA53473A31C}.ReleaseNoPCAPWithSafeHandles|Any CPU.Build.0 = ReleaseNoPCAPWithSafeHandles|Any CPU
		{A83DC653-F6A4-4D20-B159-3EA53473A31C}.ReleaseWithSafeHandles|Any CPU.ActiveCfg = ReleaseWithSafeHandles|Any CPU
		{A83DC653-F6A4-4D20-B159-3EA53473A31C}.ReleaseWithSafeHandles|Any CPU.Build.0 = ReleaseWithSafeHandles|Any CPU
	EndGlobalSection
	GlobalSection(SolutionProperties) = preSolution
		HideSolutionNode = FALSE
	EndGlobalSection
	GlobalSection(NestedProjects) = preSolution
		{A83DC653-F6A4-4D20-B159-3EA53473A31C} = {AEF8A3B5-5E6D-44D7-99EE-D2EBD47B46AD}
	EndGlobalSection
EndGlobal
